
Microsoft Visual Studio Solution File, Format Version 12.00
# Visual Studio 15
Project("{FAE04EC0-301F-11D3-BF4B-00C04F79EFBC}") = "Assembly-CSharp", "Assembly-CSharp.csproj", "{42947453-B5B4-DC7B-EB96-C36A0E8120DD}"
EndProject
Project("{FAE04EC0-301F-11D3-BF4B-00C04F79EFBC}") = "Unity.PlayerPrefsEditor.Samples.SampleScene", "Unity.PlayerPrefsEditor.Samples.SampleScene.csproj", "{988F35ED-42D8-108A-E384-D5E5EE59C0AF}"
EndProject
Project("{FAE04EC0-301F-11D3-BF4B-00C04F79EFBC}") = "Assembly-CSharp-firstpass", "Assembly-CSharp-firstpass.csproj", "{1B73C0F8-99B0-53E5-CAC8-6CD219A4A512}"
EndProject
Project("{FAE04EC0-301F-11D3-BF4B-00C04F79EFBC}") = "Unity.PlayerPrefsEditor.Editor", "Unity.PlayerPrefsEditor.Editor.csproj", "{059F7727-2120-FB9B-F66B-545735FB4D80}"
EndProject
Project("{FAE04EC0-301F-11D3-BF4B-00C04F79EFBC}") = "Assembly-CSharp-Editor", "Assembly-CSharp-Editor.csproj", "{D8751D48-ACEC-4D06-BED1-854D01E4EF02}"
EndProject
Project("{FAE04EC0-301F-11D3-BF4B-00C04F79EFBC}") = "Unity.PlayerPrefsEditor.EditorResources", "Unity.PlayerPrefsEditor.EditorResources.csproj", "{AC30FC84-9E2C-9A1F-E4FC-D06F02D63A12}"
EndProject
Global
	GlobalSection(SolutionConfigurationPlatforms) = preSolution
		Debug|Any CPU = Debug|Any CPU
		Release|Any CPU = Release|Any CPU
	EndGlobalSection
	GlobalSection(ProjectConfigurationPlatforms) = postSolution
		{42947453-B5B4-DC7B-EB96-C36A0E8120DD}.Debug|Any CPU.ActiveCfg = Debug|Any CPU
		{42947453-B5B4-DC7B-EB96-C36A0E8120DD}.Debug|Any CPU.Build.0 = Debug|Any CPU
		{42947453-B5B4-DC7B-EB96-C36A0E8120DD}.Release|Any CPU.ActiveCfg = Release|Any CPU
		{42947453-B5B4-DC7B-EB96-C36A0E8120DD}.Release|Any CPU.Build.0 = Release|Any CPU
		{988F35ED-42D8-108A-E384-D5E5EE59C0AF}.Debug|Any CPU.ActiveCfg = Debug|Any CPU
		{988F35ED-42D8-108A-E384-D5E5EE59C0AF}.Debug|Any CPU.Build.0 = Debug|Any CPU
		{988F35ED-42D8-108A-E384-D5E5EE59C0AF}.Release|Any CPU.ActiveCfg = Release|Any CPU
		{988F35ED-42D8-108A-E384-D5E5EE59C0AF}.Release|Any CPU.Build.0 = Release|Any CPU
		{1B73C0F8-99B0-53E5-CAC8-6CD219A4A512}.Debug|Any CPU.ActiveCfg = Debug|Any CPU
		{1B73C0F8-99B0-53E5-CAC8-6CD219A4A512}.Debug|Any CPU.Build.0 = Debug|Any CPU
		{1B73C0F8-99B0-53E5-CAC8-6CD219A4A512}.Release|Any CPU.ActiveCfg = Release|Any CPU
		{1B73C0F8-99B0-53E5-CAC8-6CD219A4A512}.Release|Any CPU.Build.0 = Release|Any CPU
		{059F7727-2120-FB9B-F66B-545735FB4D80}.Debug|Any CPU.ActiveCfg = Debug|Any CPU
		{059F7727-2120-FB9B-F66B-545735FB4D80}.Debug|Any CPU.Build.0 = Debug|Any CPU
		{059F7727-2120-FB9B-F66B-545735FB4D80}.Release|Any CPU.ActiveCfg = Release|Any CPU
		{059F7727-2120-FB9B-F66B-545735FB4D80}.Release|Any CPU.Build.0 = Release|Any CPU
		{D8751D48-ACEC-4D06-BED1-854D01E4EF02}.Debug|Any CPU.ActiveCfg = Debug|Any CPU
		{D8751D48-ACEC-4D06-BED1-854D01E4EF02}.Debug|Any CPU.Build.0 = Debug|Any CPU
		{D8751D48-ACEC-4D06-BED1-854D01E4EF02}.Release|Any CPU.ActiveCfg = Release|Any CPU
		{D8751D48-ACEC-4D06-BED1-854D01E4EF02}.Release|Any CPU.Build.0 = Release|Any CPU
		{AC30FC84-9E2C-9A1F-E4FC-D06F02D63A12}.Debug|Any CPU.ActiveCfg = Debug|Any CPU
		{AC30FC84-9E2C-9A1F-E4FC-D06F02D63A12}.Debug|Any CPU.Build.0 = Debug|Any CPU
		{AC30FC84-9E2C-9A1F-E4FC-D06F02D63A12}.Release|Any CPU.ActiveCfg = Release|Any CPU
		{AC30FC84-9E2C-9A1F-E4FC-D06F02D63A12}.Release|Any CPU.Build.0 = Release|Any CPU
	EndGlobalSection
	GlobalSection(SolutionProperties) = preSolution
		HideSolutionNode = FALSE
	EndGlobalSection
EndGlobal
